
Microsoft Visual Studio Solution File, Format Version 12.00
# Visual Studio 15
VisualStudioVersion = 15.0.26730.16
MinimumVisualStudioVersion = 10.0.40219.1
Project("{6EC3EE1D-3C4E-46DD-8F32-0CC8E7565705}") = "FizzBuzz", "FizzBuzz\FizzBuzz.fsproj", "{EA8E91CF-92AF-4B27-B0D4-10E0C7F0332B}"
EndProject
Project("{6EC3EE1D-3C4E-46DD-8F32-0CC8E7565705}") = "FizzBuzz.Tests", "FizzBuzz.Tests\FizzBuzz.Tests.fsproj", "{32513C30-5C6C-4BB0-9D6B-94077D40FFF2}"
EndProject
Global
	GlobalSection(SolutionConfigurationPlatforms) = preSolution
		Debug|Any CPU = Debug|Any CPU
		Release|Any CPU = Release|Any CPU
	EndGlobalSection
	GlobalSection(ProjectConfigurationPlatforms) = postSolution
		{EA8E91CF-92AF-4B27-B0D4-10E0C7F0332B}.Debug|Any CPU.ActiveCfg = Debug|Any CPU
		{EA8E91CF-92AF-4B27-B0D4-10E0C7F0332B}.Debug|Any CPU.Build.0 = Debug|Any CPU
		{EA8E91CF-92AF-4B27-B0D4-10E0C7F0332B}.Release|Any CPU.ActiveCfg = Release|Any CPU
		{EA8E91CF-92AF-4B27-B0D4-10E0C7F0332B}.Release|Any CPU.Build.0 = Release|Any CPU
		{32513C30-5C6C-4BB0-9D6B-94077D40FFF2}.Debug|Any CPU.ActiveCfg = Debug|Any CPU
		{32513C30-5C6C-4BB0-9D6B-94077D40FFF2}.Debug|Any CPU.Build.0 = Debug|Any CPU
		{32513C30-5C6C-4BB0-9D6B-94077D40FFF2}.Release|Any CPU.ActiveCfg = Release|Any CPU
		{32513C30-5C6C-4BB0-9D6B-94077D40FFF2}.Release|Any CPU.Build.0 = Release|Any CPU
	EndGlobalSection
	GlobalSection(SolutionProperties) = preSolution
		HideSolutionNode = FALSE
	EndGlobalSection
	GlobalSection(ExtensibilityGlobals) = postSolution
		SolutionGuid = {9F604BCF-7156-4A55-BBB4-24CF7615EC1E}
	EndGlobalSection
EndGlobal
